
Microsoft Visual Studio Solution File, Format Version 12.00
# Visual Studio Version 16
VisualStudioVersion = 16.0.33027.164
MinimumVisualStudioVersion = 10.0.40219.1
Project("{FAE04EC0-301F-11D3-BF4B-00C04F79EFBC}") = "DigitalDiary", "DigitalDiary.csproj", "{423E3208-D913-48F4-946B-2C6FE8A0A4BD}"
EndProject
Global
	GlobalSection(SolutionConfigurationPlatforms) = preSolution
		Debug|Any CPU = Debug|Any CPU
		Release|Any CPU = Release|Any CPU
	EndGlobalSection
	GlobalSection(ProjectConfigurationPlatforms) = postSolution
		{423E3208-D913-48F4-946B-2C6FE8A0A4BD}.Debug|Any CPU.ActiveCfg = Debug|Any CPU
		{423E3208-D913-48F4-946B-2C6FE8A0A4BD}.Debug|Any CPU.Build.0 = Debug|Any CPU
		{423E3208-D913-48F4-946B-2C6FE8A0A4BD}.Release|Any CPU.ActiveCfg = Release|Any CPU
		{423E3208-D913-48F4-946B-2C6FE8A0A4BD}.Release|Any CPU.Build.0 = Release|Any CPU
	EndGlobalSection
	GlobalSection(SolutionProperties) = preSolution
		HideSolutionNode = FALSE
	EndGlobalSection
	GlobalSection(ExtensibilityGlobals) = postSolution
		SolutionGuid = {55AF1E08-1402-482D-9FFB-EC7D6053EA7F}
	EndGlobalSection
EndGlobal
